# PROVISIONAL backfill import 2026-05-30 (theory-test). Service placement & aliases = QC.
id: criminal/interlock
primary_service_id: null
additional_service_ids: []
canonical_name: "Interlock"
aliases: []
status: active
mission:
  - financial
ttp_summary: |
  PROVISIONAL stub from corpus backfill. Original analyst hint:
  NEW: Interlock
default_doctrine_alignment_ids: []
sources:
  - hipaajournal/2025-07_fbicisahhsms-isac-stopransomware-interlo
